
Microsoft Visual Studio Solution File, Format Version 12.00
# Visual Studio 15
VisualStudioVersion = 15.0.27703.2000
MinimumVisualStudioVersion = 10.0.40219.1
Project("{FAE04EC0-301F-11D3-BF4B-00C04F79EFBC}") = "Singleton", "singleton\Singleton.csproj", "{5C451B13-751B-48E2-BACB-0C2E9C31EB52}"
EndProject
Project("{FAE04EC0-301F-11D3-BF4B-00C04F79EFBC}") = "MyRegex", "MyRegex\MyRegex.csproj", "{273D82B9-793C-44AB-A312-AF07EBB48E62}"
EndProject
Global
	GlobalSection(SolutionConfigurationPlatforms) = preSolution
		Debug|Any CPU = Debug|Any CPU
		Release|Any CPU = Release|Any CPU
	EndGlobalSection
	GlobalSection(ProjectConfigurationPlatforms) = postSolution
		{5C451B13-751B-48E2-BACB-0C2E9C31EB52}.Debug|Any CPU.ActiveCfg = Debug|Any CPU
		{5C451B13-751B-48E2-BACB-0C2E9C31EB52}.Debug|Any CPU.Build.0 = Debug|Any CPU
		{5C451B13-751B-48E2-BACB-0C2E9C31EB52}.Release|Any CPU.ActiveCfg = Release|Any CPU
		{5C451B13-751B-48E2-BACB-0C2E9C31EB52}.Release|Any CPU.Build.0 = Release|Any CPU
		{273D82B9-793C-44AB-A312-AF07EBB48E62}.Debug|Any CPU.ActiveCfg = Debug|Any CPU
		{273D82B9-793C-44AB-A312-AF07EBB48E62}.Debug|Any CPU.Build.0 = Debug|Any CPU
		{273D82B9-793C-44AB-A312-AF07EBB48E62}.Release|Any CPU.ActiveCfg = Release|Any CPU
		{273D82B9-793C-44AB-A312-AF07EBB48E62}.Release|Any CPU.Build.0 = Release|Any CPU
	EndGlobalSection
	GlobalSection(SolutionProperties) = preSolution
		HideSolutionNode = FALSE
	EndGlobalSection
	GlobalSection(ExtensibilityGlobals) = postSolution
		SolutionGuid = {9CB43F43-AC0C-4448-958B-C884C11D7B2D}
	EndGlobalSection
EndGlobal
